
Microsoft Visual Studio Solution File, Format Version 12.00
# Visual Studio Version 16
VisualStudioVersion = 16.0.32929.386
MinimumVisualStudioVersion = 10.0.40219.1
Project("{FAE04EC0-301F-11D3-BF4B-00C04F79EFBC}") = "GitTrainings", "GitTrainings\GitTrainings.csproj", "{EFB0A9DD-535C-4AB5-9840-1FE235895BCB}"
EndProject
Global
	GlobalSection(SolutionConfigurationPlatforms) = preSolution
		Debug|Any CPU = Debug|Any CPU
		Release|Any CPU = Release|Any CPU
	EndGlobalSection
	GlobalSection(ProjectConfigurationPlatforms) = postSolution
		{EFB0A9DD-535C-4AB5-9840-1FE235895BCB}.Debug|Any CPU.ActiveCfg = Debug|Any CPU
		{EFB0A9DD-535C-4AB5-9840-1FE235895BCB}.Debug|Any CPU.Build.0 = Debug|Any CPU
		{EFB0A9DD-535C-4AB5-9840-1FE235895BCB}.Release|Any CPU.ActiveCfg = Release|Any CPU
		{EFB0A9DD-535C-4AB5-9840-1FE235895BCB}.Release|Any CPU.Build.0 = Release|Any CPU
	EndGlobalSection
	GlobalSection(SolutionProperties) = preSolution
		HideSolutionNode = FALSE
	EndGlobalSection
	GlobalSection(ExtensibilityGlobals) = postSolution
		SolutionGuid = {D8F67825-18B5-4713-9444-D8A8A1813BFB}
	EndGlobalSection
EndGlobal
